// !$*UTF8*$!
{
	archiveVersion = 1;
	classes = {
	};
	objectVersion = 77;
	objects = {

/* Begin PBXBuildFile section */
		21A3056B5CED9B6284AF2C45 /* GlobalHotKey.swift in Sources */ = {isa = PBXBuildFile; fileRef = E14F76A9EF775CFF0184162A /* GlobalHotKey.swift */; };
		23D9A90C97A6C71969D6AA05 /* ContentView.swift in Sources */ = {isa = PBXBuildFile; fileRef = 06CE04182770C4C8C0C8B8DE /* ContentView.swift */; };
		365F00439623F76C93698CF6 /* SettingsView.swift in Sources */ = {isa = PBXBuildFile; fileRef = 28E73A0E46519683B5398A14 /* SettingsView.swift */; };
		4D10273BEF3DACE8D1C25755 /* ClipboardStore.swift in Sources */ = {isa = PBXBuildFile; fileRef = 1B1C4299FD0BBDD2FABA0AB3 /* ClipboardStore.swift */; };
		7586CD6A92635ED90DF5FE7B /* AppSettings.swift in Sources */ = {isa = PBXBuildFile; fileRef = 319AD086CBC1D7FE594F1051 /* AppSettings.swift */; };
		831AFA2594914C88871C1FD8 /* OverlayWindow.swift in Sources */ = {isa = PBXBuildFile; fileRef = 19935DAD7985C6E587966A20 /* OverlayWindow.swift */; };
		8F856EE18392B85109E8D8B3 /* ClipboardItem.swift in Sources */ = {isa = PBXBuildFile; fileRef = 7EB912FCD51C44F22B90A2D1 /* ClipboardItem.swift */; };
		9C6C8FF40C01C790EC9D8607 /* ClipboardApp.swift in Sources */ = {isa = PBXBuildFile; fileRef = 2282C4E59BB062B2225B5FA5 /* ClipboardApp.swift */; };
		D56C3086BBA8CB5F98A5533C /* InfoView.swift in Sources */ = {isa = PBXBuildFile; fileRef = 712BF4E6F85279B99DDAA78C /* InfoView.swift */; };
/* End PBXBuildFile section */

/* Begin PBXFileReference section */
		06CE04182770C4C8C0C8B8DE /* ContentView.swift */ = {isa = PBXFileReference; lastKnownFileType = sourcecode.swift; path = ContentView.swift; sourceTree = "<group>"; };
		19935DAD7985C6E587966A20 /* OverlayWindow.swift */ = {isa = PBXFileReference; lastKnownFileType = sourcecode.swift; path = OverlayWindow.swift; sourceTree = "<group>"; };
		1B1C4299FD0BBDD2FABA0AB3 /* ClipboardStore.swift */ = {isa = PBXFileReference; lastKnownFileType = sourcecode.swift; path = ClipboardStore.swift; sourceTree = "<group>"; };
		2282C4E59BB062B2225B5FA5 /* ClipboardApp.swift */ = {isa = PBXFileReference; lastKnownFileType = sourcecode.swift; path = ClipboardApp.swift; sourceTree = "<group>"; };
		28E73A0E46519683B5398A14 /* SettingsView.swift */ = {isa = PBXFileReference; lastKnownFileType = sourcecode.swift; path = SettingsView.swift; sourceTree = "<group>"; };
		319AD086CBC1D7FE594F1051 /* AppSettings.swift */ = {isa = PBXFileReference; lastKnownFileType = sourcecode.swift; path = AppSettings.swift; sourceTree = "<group>"; };
		712BF4E6F85279B99DDAA78C /* InfoView.swift */ = {isa = PBXFileReference; lastKnownFileType = sourcecode.swift; path = InfoView.swift; sourceTree = "<group>"; };
		7422559F8C0D95AA23979A71 /* MacClipboard.app */ = {isa = PBXFileReference; explicitFileType = wrapper.application; includeInIndex = 0; path = MacClipboard.app; sourceTree = BUILT_PRODUCTS_DIR; };
		7EB912FCD51C44F22B90A2D1 /* ClipboardItem.swift */ = {isa = PBXFileReference; lastKnownFileType = sourcecode.swift; path = ClipboardItem.swift; sourceTree = "<group>"; };
		C67FC149D427F9DDCBC6AA38 /* Info.plist */ = {isa = PBXFileReference; lastKnownFileType = text.plist; path = Info.plist; sourceTree = "<group>"; };
		E14F76A9EF775CFF0184162A /* GlobalHotKey.swift */ = {isa = PBXFileReference; lastKnownFileType = sourcecode.swift; path = GlobalHotKey.swift; sourceTree = "<group>"; };
/* End PBXFileReference section */

/* Begin PBXGroup section */
		91C5FBD624A1EA659780B058 /* App */ = {
			isa = PBXGroup;
			children = (
				319AD086CBC1D7FE594F1051 /* AppSettings.swift */,
				2282C4E59BB062B2225B5FA5 /* ClipboardApp.swift */,
				7EB912FCD51C44F22B90A2D1 /* ClipboardItem.swift */,
				1B1C4299FD0BBDD2FABA0AB3 /* ClipboardStore.swift */,
				06CE04182770C4C8C0C8B8DE /* ContentView.swift */,
				E14F76A9EF775CFF0184162A /* GlobalHotKey.swift */,
				C67FC149D427F9DDCBC6AA38 /* Info.plist */,
				712BF4E6F85279B99DDAA78C /* InfoView.swift */,
				19935DAD7985C6E587966A20 /* OverlayWindow.swift */,
				28E73A0E46519683B5398A14 /* SettingsView.swift */,
			);
			path = App;
			sourceTree = "<group>";
		};
		B4AF048FC6B61137512CED93 /* Products */ = {
			isa = PBXGroup;
			children = (
				7422559F8C0D95AA23979A71 /* MacClipboard.app */,
			);
			name = Products;
			sourceTree = "<group>";
		};
		D38D07288B5CFDDEFE31A61B = {
			isa = PBXGroup;
			children = (
				91C5FBD624A1EA659780B058 /* App */,
				B4AF048FC6B61137512CED93 /* Products */,
			);
			sourceTree = "<group>";
		};
/* End PBXGroup section */

/* Begin PBXNativeTarget section */
		BCAD23208739962CAFBFB000 /* MacClipboard */ = {
			isa = PBXNativeTarget;
			buildConfigurationList = 5EFC8A1C21AFA9718A27731B /* Build configuration list for PBXNativeTarget "MacClipboard" */;
			buildPhases = (
				AB7D7598B43404E313513B8D /* Sources */,
			);
			buildRules = (
			);
			dependencies = (
			);
			name = MacClipboard;
			packageProductDependencies = (
			);
			productName = MacClipboard;
			productReference = 7422559F8C0D95AA23979A71 /* MacClipboard.app */;
			productType = "com.apple.product-type.application";
		};
/* End PBXNativeTarget section */

/* Begin PBXProject section */
		04A0A4DC19831D1B0167487E /* Project object */ = {
			isa = PBXProject;
			attributes = {
				BuildIndependentTargetsInParallel = YES;
				LastUpgradeCheck = 1430;
			};
			buildConfigurationList = AC81F43C3A613E2E27EB9C80 /* Build configuration list for PBXProject "MacClipboard" */;
			compatibilityVersion = "Xcode 14.0";
			developmentRegion = en;
			hasScannedForEncodings = 0;
			knownRegions = (
				Base,
				en,
			);
			mainGroup = D38D07288B5CFDDEFE31A61B;
			minimizedProjectReferenceProxies = 1;
			preferredProjectObjectVersion = 77;
			projectDirPath = "";
			projectRoot = "";
			targets = (
				BCAD23208739962CAFBFB000 /* MacClipboard */,
			);
		};
/* End PBXProject section */

/* Begin PBXSourcesBuildPhase section */
		AB7D7598B43404E313513B8D /* Sources */ = {
			isa = PBXSourcesBuildPhase;
			buildActionMask = 2147483647;
			files = (
				7586CD6A92635ED90DF5FE7B /* AppSettings.swift in Sources */,
				9C6C8FF40C01C790EC9D8607 /* ClipboardApp.swift in Sources */,
				8F856EE18392B85109E8D8B3 /* ClipboardItem.swift in Sources */,
				4D10273BEF3DACE8D1C25755 /* ClipboardStore.swift in Sources */,
				23D9A90C97A6C71969D6AA05 /* ContentView.swift in Sources */,
				21A3056B5CED9B6284AF2C45 /* GlobalHotKey.swift in Sources */,
				D56C3086BBA8CB5F98A5533C /* InfoView.swift in Sources */,
				831AFA2594914C88871C1FD8 /* OverlayWindow.swift in Sources */,
				365F00439623F76C93698CF6 /* SettingsView.swift in Sources */,
			);
			runOnlyForDeploymentPostprocessing = 0;
		};
/* End PBXSourcesBuildPhase section */

/* Begin XCBuildConfiguration section */
		049AE2D844FFC0703BE24D46 /* Release */ = {
			isa = XCBuildConfiguration;
			buildSettings = {
				ALWAYS_SEARCH_USER_PATHS = NO;
				CLANG_ANALYZER_NONNULL = YES;
				CLANG_ANALYZER_NUMBER_OBJECT_CONVERSION = YES_AGGRESSIVE;
				CLANG_CXX_LANGUAGE_STANDARD = "gnu++14";
				CLANG_CXX_LIBRARY = "libc++";
				CLANG_ENABLE_MODULES = YES;
				CLANG_ENABLE_OBJC_ARC = YES;
				CLANG_ENABLE_OBJC_WEAK = YES;
				CLANG_WARN_BLOCK_CAPTURE_AUTORELEASING = YES;
				CLANG_WARN_BOOL_CONVERSION = YES;
				CLANG_WARN_COMMA = YES;
				CLANG_WARN_CONSTANT_CONVERSION = YES;
				CLANG_WARN_DEPRECATED_OBJC_IMPLEMENTATIONS = YES;
				CLANG_WARN_DIRECT_OBJC_ISA_USAGE = YES_ERROR;
				CLANG_WARN_DOCUMENTATION_COMMENTS = YES;
				CLANG_WARN_EMPTY_BODY = YES;
				CLANG_WARN_ENUM_CONVERSION = YES;
				CLANG_WARN_INFINITE_RECURSION = YES;
				CLANG_WARN_INT_CONVERSION = YES;
				CLANG_WARN_NON_LITERAL_NULL_CONVERSION = YES;
				CLANG_WARN_OBJC_IMPLICIT_RETAIN_SELF = YES;
				CLANG_WARN_OBJC_LITERAL_CONVERSION = YES;
				CLANG_WARN_OBJC_ROOT_CLASS = YES_ERROR;
				CLANG_WARN_QUOTED_INCLUDE_IN_FRAMEWORK_HEADER = YES;
				CLANG_WARN_RANGE_LOOP_ANALYSIS = YES;
				CLANG_WARN_STRICT_PROTOTYPES = YES;
				CLANG_WARN_SUSPICIOUS_MOVE = YES;
				CLANG_WARN_UNGUARDED_AVAILABILITY = YES_AGGRESSIVE;
				CLANG_WARN_UNREACHABLE_CODE = YES;
				CLANG_WARN__DUPLICATE_METHOD_MATCH = YES;
				COPY_PHASE_STRIP = NO;
				DEBUG_INFORMATION_FORMAT = "dwarf-with-dsym";
				ENABLE_NS_ASSERTIONS = NO;
				ENABLE_STRICT_OBJC_MSGSEND = YES;
				GCC_C_LANGUAGE_STANDARD = gnu11;
				GCC_NO_COMMON_BLOCKS = YES;
				GCC_WARN_64_TO_32_BIT_CONVERSION = YES;
				GCC_WARN_ABOUT_RETURN_TYPE = YES_ERROR;
				GCC_WARN_UNDECLARED_SELECTOR = YES;
				GCC_WARN_UNINITIALIZED_AUTOS = YES_AGGRESSIVE;
				GCC_WARN_UNUSED_FUNCTION = YES;
				GCC_WARN_UNUSED_VARIABLE = YES;
				MACOSX_DEPLOYMENT_TARGET = 12.0;
				MTL_ENABLE_DEBUG_INFO = NO;
				MTL_FAST_MATH = YES;
				PRODUCT_NAME = "$(TARGET_NAME)";
				SDKROOT = macosx;
				SWIFT_COMPILATION_MODE = wholemodule;
				SWIFT_OPTIMIZATION_LEVEL = "-O";
				SWIFT_VERSION = 5.9;
			};
			name = Release;
		};
		3C64E856238E4ED13D7D106C /* Debug */ = {
			isa = XCBuildConfiguration;
			buildSettings = {
				ASSETCATALOG_COMPILER_APPICON_NAME = AppIcon;
				COMBINE_HIDPI_IMAGES = YES;
				CURRENT_PROJECT_VERSION = 1;
				INFOPLIST_FILE = App/Info.plist;
				LD_RUNPATH_SEARCH_PATHS = (
					"$(inherited)",
					"@executable_path/../Frameworks",
				);
				MACOSX_DEPLOYMENT_TARGET = 12.0;
				MARKETING_VERSION = 1.0;
				PRODUCT_BUNDLE_IDENTIFIER = com.jokot.MacClipboard;
				SDKROOT = macosx;
			};
			name = Debug;
		};
		E7D01869C1ADDB7159C93720 /* Release */ = {
			isa = XCBuildConfiguration;
			buildSettings = {
				ASSETCATALOG_COMPILER_APPICON_NAME = AppIcon;
				COMBINE_HIDPI_IMAGES = YES;
				CURRENT_PROJECT_VERSION = 1;
				INFOPLIST_FILE = App/Info.plist;
				LD_RUNPATH_SEARCH_PATHS = (
					"$(inherited)",
					"@executable_path/../Frameworks",
				);
				MACOSX_DEPLOYMENT_TARGET = 12.0;
				MARKETING_VERSION = 1.0;
				PRODUCT_BUNDLE_IDENTIFIER = com.jokot.MacClipboard;
				SDKROOT = macosx;
			};
			name = Release;
		};
		F539E6BE12439EE8AEAF4F6D /* Debug */ = {
			isa = XCBuildConfiguration;
			buildSettings = {
				ALWAYS_SEARCH_USER_PATHS = NO;
				CLANG_ANALYZER_NONNULL = YES;
				CLANG_ANALYZER_NUMBER_OBJECT_CONVERSION = YES_AGGRESSIVE;
				CLANG_CXX_LANGUAGE_STANDARD = "gnu++14";
				CLANG_CXX_LIBRARY = "libc++";
				CLANG_ENABLE_MODULES = YES;
				CLANG_ENABLE_OBJC_ARC = YES;
				CLANG_ENABLE_OBJC_WEAK = YES;
				CLANG_WARN_BLOCK_CAPTURE_AUTORELEASING = YES;
				CLANG_WARN_BOOL_CONVERSION = YES;
				CLANG_WARN_COMMA = YES;
				CLANG_WARN_CONSTANT_CONVERSION = YES;
				CLANG_WARN_DEPRECATED_OBJC_IMPLEMENTATIONS = YES;
				CLANG_WARN_DIRECT_OBJC_ISA_USAGE = YES_ERROR;
				CLANG_WARN_DOCUMENTATION_COMMENTS = YES;
				CLANG_WARN_EMPTY_BODY = YES;
				CLANG_WARN_ENUM_CONVERSION = YES;
				CLANG_WARN_INFINITE_RECURSION = YES;
				CLANG_WARN_INT_CONVERSION = YES;
				CLANG_WARN_NON_LITERAL_NULL_CONVERSION = YES;
				CLANG_WARN_OBJC_IMPLICIT_RETAIN_SELF = YES;
				CLANG_WARN_OBJC_LITERAL_CONVERSION = YES;
				CLANG_WARN_OBJC_ROOT_CLASS = YES_ERROR;
				CLANG_WARN_QUOTED_INCLUDE_IN_FRAMEWORK_HEADER = YES;
				CLANG_WARN_RANGE_LOOP_ANALYSIS = YES;
				CLANG_WARN_STRICT_PROTOTYPES = YES;
				CLANG_WARN_SUSPICIOUS_MOVE = YES;
				CLANG_WARN_UNGUARDED_AVAILABILITY = YES_AGGRESSIVE;
				CLANG_WARN_UNREACHABLE_CODE = YES;
				CLANG_WARN__DUPLICATE_METHOD_MATCH = YES;
				COPY_PHASE_STRIP = NO;
				DEBUG_INFORMATION_FORMAT = dwarf;
				ENABLE_STRICT_OBJC_MSGSEND = YES;
				ENABLE_TESTABILITY = YES;
				GCC_C_LANGUAGE_STANDARD = gnu11;
				GCC_DYNAMIC_NO_PIC = NO;
				GCC_NO_COMMON_BLOCKS = YES;
				GCC_OPTIMIZATION_LEVEL = 0;
				GCC_PREPROCESSOR_DEFINITIONS = (
					"$(inherited)",
					"DEBUG=1",
				);
				GCC_WARN_64_TO_32_BIT_CONVERSION = YES;
				GCC_WARN_ABOUT_RETURN_TYPE = YES_ERROR;
				GCC_WARN_UNDECLARED_SELECTOR = YES;
				GCC_WARN_UNINITIALIZED_AUTOS = YES_AGGRESSIVE;
				GCC_WARN_UNUSED_FUNCTION = YES;
				GCC_WARN_UNUSED_VARIABLE = YES;
				MACOSX_DEPLOYMENT_TARGET = 12.0;
				MTL_ENABLE_DEBUG_INFO = INCLUDE_SOURCE;
				MTL_FAST_MATH = YES;
				ONLY_ACTIVE_ARCH = YES;
				PRODUCT_NAME = "$(TARGET_NAME)";
				SDKROOT = macosx;
				SWIFT_ACTIVE_COMPILATION_CONDITIONS = DEBUG;
				SWIFT_OPTIMIZATION_LEVEL = "-Onone";
				SWIFT_VERSION = 5.9;
			};
			name = Debug;
		};
/* End XCBuildConfiguration section */

/* Begin XCConfigurationList section */
		5EFC8A1C21AFA9718A27731B /* Build configuration list for PBXNativeTarget "MacClipboard" */ = {
			isa = XCConfigurationList;
			buildConfigurations = (
				3C64E856238E4ED13D7D106C /* Debug */,
				E7D01869C1ADDB7159C93720 /* Release */,
			);
			defaultConfigurationIsVisible = 0;
			defaultConfigurationName = Debug;
		};
		AC81F43C3A613E2E27EB9C80 /* Build configuration list for PBXProject "MacClipboard" */ = {
			isa = XCConfigurationList;
			buildConfigurations = (
				F539E6BE12439EE8AEAF4F6D /* Debug */,
				049AE2D844FFC0703BE24D46 /* Release */,
			);
			defaultConfigurationIsVisible = 0;
			defaultConfigurationName = Debug;
		};
/* End XCConfigurationList section */
	};
	rootObject = 04A0A4DC19831D1B0167487E /* Project object */;
}
