// !$*UTF8*$!
{
	archiveVersion = 1;
	classes = {
	};
	objectVersion = 77;
	objects = {

/* Begin PBXBuildFile section */
		03AC489464E5D2A5DC7208DD /* ClipboardItemRow.swift in Sources */ = {isa = PBXBuildFile; fileRef = 5B9C1B3758DFC3B21C63A452 /* ClipboardItemRow.swift */; };
		0EFE4D34B1B4FC0A9B17E1B6 /* TextPreview.swift in Sources */ = {isa = PBXBuildFile; fileRef = 1AF81986603D19912EF59AD1 /* TextPreview.swift */; };
		112FD6A5F75656D0F61ACA8C /* InfoViewModel.swift in Sources */ = {isa = PBXBuildFile; fileRef = F7E1DDAF695FDA410044FEAC /* InfoViewModel.swift */; };
		19742895E7A968E617947BA6 /* AppIconView.swift in Sources */ = {isa = PBXBuildFile; fileRef = 5D2A25C559C9759FD8E4AF7B /* AppIconView.swift */; };
		1D6DE4479371170E637893FB /* ESCKeyCatcher.swift in Sources */ = {isa = PBXBuildFile; fileRef = 72AD13AA20CF1337FECA2753 /* ESCKeyCatcher.swift */; };
		1E6AC014FCA09D04301E79CF /* UpdateService.swift in Sources */ = {isa = PBXBuildFile; fileRef = A4235CBBB175E9BB87DE8791 /* UpdateService.swift */; };
		22EC2CF891DA3B0121A16B69 /* AppFocusService.swift in Sources */ = {isa = PBXBuildFile; fileRef = 668DB323E10EDCA899DDC163 /* AppFocusService.swift */; };
		267E94E7370774D745DC3C2C /* AppIcon.icns in Resources */ = {isa = PBXBuildFile; fileRef = EF7344C6550C102B4815F469 /* AppIcon.icns */; };
		2A79E769A31307E7C4C22F05 /* InfoViewModelTests.swift in Sources */ = {isa = PBXBuildFile; fileRef = FA424FD3568939E9C8C9074D /* InfoViewModelTests.swift */; };
		59EF8EE29A879D52B3ADE552 /* OCRService.swift in Sources */ = {isa = PBXBuildFile; fileRef = E8F4194F31C555F3F3166BDA /* OCRService.swift */; };
		7170F47F267388BAF4517709 /* Notifications.swift in Sources */ = {isa = PBXBuildFile; fileRef = 4E7F2BCE8886027192AD2307 /* Notifications.swift */; };
		7D307A167F9C9108005E211D /* HotKeyService.swift in Sources */ = {isa = PBXBuildFile; fileRef = B2D6D6D9544D32BB060E3211 /* HotKeyService.swift */; };
		7E0D43030BBB9BE895CCF2C2 /* SettingsView.swift in Sources */ = {isa = PBXBuildFile; fileRef = DA06703AB7DD76075D2895A4 /* SettingsView.swift */; };
		831AFA2594914C88871C1FD8 /* OverlayWindow.swift in Sources */ = {isa = PBXBuildFile; fileRef = 19935DAD7985C6E587966A20 /* OverlayWindow.swift */; };
		87011F9E077DDB68590A1E5D /* TextPreviewTests.swift in Sources */ = {isa = PBXBuildFile; fileRef = DE7CFB463980E025F2453F5F /* TextPreviewTests.swift */; };
		9C6C8FF40C01C790EC9D8607 /* ClipboardApp.swift in Sources */ = {isa = PBXBuildFile; fileRef = 2282C4E59BB062B2225B5FA5 /* ClipboardApp.swift */; };
		A4C23EAC12FAF4990FA8D75F /* HotkeyUtils.swift in Sources */ = {isa = PBXBuildFile; fileRef = C79D329789FD0A6741C07D77 /* HotkeyUtils.swift */; };
		ADA397C03763610821625BEA /* ClipboardMonitor.swift in Sources */ = {isa = PBXBuildFile; fileRef = 5FAC45A87AF3BC309EC56D4D /* ClipboardMonitor.swift */; };
		B3DAF98ABBDBE882FFEC7E39 /* ClipboardRepository.swift in Sources */ = {isa = PBXBuildFile; fileRef = 233F1A964D2D27AA2DB09B1B /* ClipboardRepository.swift */; };
		B6E3A6C5EE7070AABCCAC0DC /* ContentView.swift in Sources */ = {isa = PBXBuildFile; fileRef = 95F666DE6781E514FE7F9921 /* ContentView.swift */; };
		B7145E979D867746DB75E236 /* ClipboardListViewModel.swift in Sources */ = {isa = PBXBuildFile; fileRef = 63ECD86587A3DE062DB598C0 /* ClipboardListViewModel.swift */; };
		B7D4E2B42C30142CC9A044ED /* FirstMouseHostingView.swift in Sources */ = {isa = PBXBuildFile; fileRef = 1D2888C02F1F29FE5B864D3A /* FirstMouseHostingView.swift */; };
		B96628BCAEBB466C015D2D72 /* PasteUtility.swift in Sources */ = {isa = PBXBuildFile; fileRef = 2CC25CF9DF4FCDD9A9178E80 /* PasteUtility.swift */; };
		C3861483D3B8E2A1F2A37297 /* ClipboardItem.swift in Sources */ = {isa = PBXBuildFile; fileRef = 815338FAF7D3A98423D0E86C /* ClipboardItem.swift */; };
		D350C3F63B3D0E46C6DEFEA6 /* URLUtils.swift in Sources */ = {isa = PBXBuildFile; fileRef = 6A5D313DE179B409A4DEA4D7 /* URLUtils.swift */; };
		E0C61B17E9A3D544890A8A61 /* HotkeyCapturingView.swift in Sources */ = {isa = PBXBuildFile; fileRef = A64179F24FF8AFF7D440BC24 /* HotkeyCapturingView.swift */; };
		E25C91356354DBBCF517DBF0 /* HotkeyUtilsTests.swift in Sources */ = {isa = PBXBuildFile; fileRef = AE8D17915B8A6F25E8AA8EDF /* HotkeyUtilsTests.swift */; };
		E58D3EF8DD61DCD433169CFC /* InfoView.swift in Sources */ = {isa = PBXBuildFile; fileRef = 18A5E1B92A0543BA5D33AD02 /* InfoView.swift */; };
		F4C53B0274A8E0982EF17495 /* AppSettings.swift in Sources */ = {isa = PBXBuildFile; fileRef = 72305A678DEF1D5E247BFC8C /* AppSettings.swift */; };
		FF4EFF5E894A57D70AE7B126 /* ClipboardListViewModelTests.swift in Sources */ = {isa = PBXBuildFile; fileRef = 524E4F1E5AC90BE7C9F2F904 /* ClipboardListViewModelTests.swift */; };
/* End PBXBuildFile section */

/* Begin PBXContainerItemProxy section */
		7A4D18ED04827D9E55915194 /* PBXContainerItemProxy */ = {
			isa = PBXContainerItemProxy;
			containerPortal = 04A0A4DC19831D1B0167487E /* Project object */;
			proxyType = 1;
			remoteGlobalIDString = BCAD23208739962CAFBFB000;
			remoteInfo = MacClipboard;
		};
/* End PBXContainerItemProxy section */

/* Begin PBXFileReference section */
		18A5E1B92A0543BA5D33AD02 /* InfoView.swift */ = {isa = PBXFileReference; lastKnownFileType = sourcecode.swift; path = InfoView.swift; sourceTree = "<group>"; };
		19935DAD7985C6E587966A20 /* OverlayWindow.swift */ = {isa = PBXFileReference; lastKnownFileType = sourcecode.swift; path = OverlayWindow.swift; sourceTree = "<group>"; };
		1AF81986603D19912EF59AD1 /* TextPreview.swift */ = {isa = PBXFileReference; lastKnownFileType = sourcecode.swift; path = TextPreview.swift; sourceTree = "<group>"; };
		1D2888C02F1F29FE5B864D3A /* FirstMouseHostingView.swift */ = {isa = PBXFileReference; lastKnownFileType = sourcecode.swift; path = FirstMouseHostingView.swift; sourceTree = "<group>"; };
		2282C4E59BB062B2225B5FA5 /* ClipboardApp.swift */ = {isa = PBXFileReference; lastKnownFileType = sourcecode.swift; path = ClipboardApp.swift; sourceTree = "<group>"; };
		233F1A964D2D27AA2DB09B1B /* ClipboardRepository.swift */ = {isa = PBXFileReference; lastKnownFileType = sourcecode.swift; path = ClipboardRepository.swift; sourceTree = "<group>"; };
		2CC25CF9DF4FCDD9A9178E80 /* PasteUtility.swift */ = {isa = PBXFileReference; lastKnownFileType = sourcecode.swift; path = PasteUtility.swift; sourceTree = "<group>"; };
		4E7F2BCE8886027192AD2307 /* Notifications.swift */ = {isa = PBXFileReference; lastKnownFileType = sourcecode.swift; path = Notifications.swift; sourceTree = "<group>"; };
		524E4F1E5AC90BE7C9F2F904 /* ClipboardListViewModelTests.swift */ = {isa = PBXFileReference; lastKnownFileType = sourcecode.swift; path = ClipboardListViewModelTests.swift; sourceTree = "<group>"; };
		5B9C1B3758DFC3B21C63A452 /* ClipboardItemRow.swift */ = {isa = PBXFileReference; lastKnownFileType = sourcecode.swift; path = ClipboardItemRow.swift; sourceTree = "<group>"; };
		5D2A25C559C9759FD8E4AF7B /* AppIconView.swift */ = {isa = PBXFileReference; lastKnownFileType = sourcecode.swift; path = AppIconView.swift; sourceTree = "<group>"; };
		5FAC45A87AF3BC309EC56D4D /* ClipboardMonitor.swift */ = {isa = PBXFileReference; lastKnownFileType = sourcecode.swift; path = ClipboardMonitor.swift; sourceTree = "<group>"; };
		63ECD86587A3DE062DB598C0 /* ClipboardListViewModel.swift */ = {isa = PBXFileReference; lastKnownFileType = sourcecode.swift; path = ClipboardListViewModel.swift; sourceTree = "<group>"; };
		668DB323E10EDCA899DDC163 /* AppFocusService.swift */ = {isa = PBXFileReference; lastKnownFileType = sourcecode.swift; path = AppFocusService.swift; sourceTree = "<group>"; };
		6A5D313DE179B409A4DEA4D7 /* URLUtils.swift */ = {isa = PBXFileReference; lastKnownFileType = sourcecode.swift; path = URLUtils.swift; sourceTree = "<group>"; };
		72305A678DEF1D5E247BFC8C /* AppSettings.swift */ = {isa = PBXFileReference; lastKnownFileType = sourcecode.swift; path = AppSettings.swift; sourceTree = "<group>"; };
		72AD13AA20CF1337FECA2753 /* ESCKeyCatcher.swift */ = {isa = PBXFileReference; lastKnownFileType = sourcecode.swift; path = ESCKeyCatcher.swift; sourceTree = "<group>"; };
		7422559F8C0D95AA23979A71 /* MacClipboard.app */ = {isa = PBXFileReference; explicitFileType = wrapper.application; includeInIndex = 0; path = MacClipboard.app; sourceTree = BUILT_PRODUCTS_DIR; };
		7C7A4B0011505130B1F0E7EA /* MacClipboardTests.xctest */ = {isa = PBXFileReference; explicitFileType = wrapper.cfbundle; includeInIndex = 0; path = MacClipboardTests.xctest; sourceTree = BUILT_PRODUCTS_DIR; };
		815338FAF7D3A98423D0E86C /* ClipboardItem.swift */ = {isa = PBXFileReference; lastKnownFileType = sourcecode.swift; path = ClipboardItem.swift; sourceTree = "<group>"; };
		95F666DE6781E514FE7F9921 /* ContentView.swift */ = {isa = PBXFileReference; lastKnownFileType = sourcecode.swift; path = ContentView.swift; sourceTree = "<group>"; };
		A4235CBBB175E9BB87DE8791 /* UpdateService.swift */ = {isa = PBXFileReference; lastKnownFileType = sourcecode.swift; path = UpdateService.swift; sourceTree = "<group>"; };
		A64179F24FF8AFF7D440BC24 /* HotkeyCapturingView.swift */ = {isa = PBXFileReference; lastKnownFileType = sourcecode.swift; path = HotkeyCapturingView.swift; sourceTree = "<group>"; };
		AE8D17915B8A6F25E8AA8EDF /* HotkeyUtilsTests.swift */ = {isa = PBXFileReference; lastKnownFileType = sourcecode.swift; path = HotkeyUtilsTests.swift; sourceTree = "<group>"; };
		B2D6D6D9544D32BB060E3211 /* HotKeyService.swift */ = {isa = PBXFileReference; lastKnownFileType = sourcecode.swift; path = HotKeyService.swift; sourceTree = "<group>"; };
		C67FC149D427F9DDCBC6AA38 /* Info.plist */ = {isa = PBXFileReference; lastKnownFileType = text.plist; path = Info.plist; sourceTree = "<group>"; };
		C79D329789FD0A6741C07D77 /* HotkeyUtils.swift */ = {isa = PBXFileReference; lastKnownFileType = sourcecode.swift; path = HotkeyUtils.swift; sourceTree = "<group>"; };
		DA06703AB7DD76075D2895A4 /* SettingsView.swift */ = {isa = PBXFileReference; lastKnownFileType = sourcecode.swift; path = SettingsView.swift; sourceTree = "<group>"; };
		DE7CFB463980E025F2453F5F /* TextPreviewTests.swift */ = {isa = PBXFileReference; lastKnownFileType = sourcecode.swift; path = TextPreviewTests.swift; sourceTree = "<group>"; };
		E8F4194F31C555F3F3166BDA /* OCRService.swift */ = {isa = PBXFileReference; lastKnownFileType = sourcecode.swift; path = OCRService.swift; sourceTree = "<group>"; };
		EF7344C6550C102B4815F469 /* AppIcon.icns */ = {isa = PBXFileReference; lastKnownFileType = image.icns; path = AppIcon.icns; sourceTree = "<group>"; };
		F7E1DDAF695FDA410044FEAC /* InfoViewModel.swift */ = {isa = PBXFileReference; lastKnownFileType = sourcecode.swift; path = InfoViewModel.swift; sourceTree = "<group>"; };
		FA424FD3568939E9C8C9074D /* InfoViewModelTests.swift */ = {isa = PBXFileReference; lastKnownFileType = sourcecode.swift; path = InfoViewModelTests.swift; sourceTree = "<group>"; };
/* End PBXFileReference section */

/* Begin PBXGroup section */
		145235050B5A06C77641ED70 /* ViewModels */ = {
			isa = PBXGroup;
			children = (
				63ECD86587A3DE062DB598C0 /* ClipboardListViewModel.swift */,
				F7E1DDAF695FDA410044FEAC /* InfoViewModel.swift */,
			);
			path = ViewModels;
			sourceTree = "<group>";
		};
		26D6AC0A13638A5FA93F14ED /* Views */ = {
			isa = PBXGroup;
			children = (
				95F666DE6781E514FE7F9921 /* ContentView.swift */,
				18A5E1B92A0543BA5D33AD02 /* InfoView.swift */,
				DA06703AB7DD76075D2895A4 /* SettingsView.swift */,
				473FC732AE3E36340AFAE493 /* Components */,
			);
			path = Views;
			sourceTree = "<group>";
		};
		473FC732AE3E36340AFAE493 /* Components */ = {
			isa = PBXGroup;
			children = (
				5D2A25C559C9759FD8E4AF7B /* AppIconView.swift */,
				5B9C1B3758DFC3B21C63A452 /* ClipboardItemRow.swift */,
				72AD13AA20CF1337FECA2753 /* ESCKeyCatcher.swift */,
				A64179F24FF8AFF7D440BC24 /* HotkeyCapturingView.swift */,
			);
			path = Components;
			sourceTree = "<group>";
		};
		91C5FBD624A1EA659780B058 /* App */ = {
			isa = PBXGroup;
			children = (
				EF7344C6550C102B4815F469 /* AppIcon.icns */,
				2282C4E59BB062B2225B5FA5 /* ClipboardApp.swift */,
				C67FC149D427F9DDCBC6AA38 /* Info.plist */,
				19935DAD7985C6E587966A20 /* OverlayWindow.swift */,
			);
			path = App;
			sourceTree = "<group>";
		};
		B4AF048FC6B61137512CED93 /* Products */ = {
			isa = PBXGroup;
			children = (
				7422559F8C0D95AA23979A71 /* MacClipboard.app */,
				7C7A4B0011505130B1F0E7EA /* MacClipboardTests.xctest */,
			);
			name = Products;
			sourceTree = "<group>";
		};
		BDAF052DF3FCD06F22B3CE2D /* Utilities */ = {
			isa = PBXGroup;
			children = (
				1D2888C02F1F29FE5B864D3A /* FirstMouseHostingView.swift */,
				C79D329789FD0A6741C07D77 /* HotkeyUtils.swift */,
				4E7F2BCE8886027192AD2307 /* Notifications.swift */,
				2CC25CF9DF4FCDD9A9178E80 /* PasteUtility.swift */,
				1AF81986603D19912EF59AD1 /* TextPreview.swift */,
				6A5D313DE179B409A4DEA4D7 /* URLUtils.swift */,
			);
			path = Utilities;
			sourceTree = "<group>";
		};
		C5E842DCA154264153D18330 /* MacClipboardTests */ = {
			isa = PBXGroup;
			children = (
				524E4F1E5AC90BE7C9F2F904 /* ClipboardListViewModelTests.swift */,
				AE8D17915B8A6F25E8AA8EDF /* HotkeyUtilsTests.swift */,
				FA424FD3568939E9C8C9074D /* InfoViewModelTests.swift */,
				DE7CFB463980E025F2453F5F /* TextPreviewTests.swift */,
			);
			name = MacClipboardTests;
			path = Tests/MacClipboardTests;
			sourceTree = "<group>";
		};
		D38D07288B5CFDDEFE31A61B = {
			isa = PBXGroup;
			children = (
				91C5FBD624A1EA659780B058 /* App */,
				C5E842DCA154264153D18330 /* MacClipboardTests */,
				E23FE3B77F6F7772976BEE0A /* Models */,
				E775804D094583F39B580951 /* Services */,
				BDAF052DF3FCD06F22B3CE2D /* Utilities */,
				145235050B5A06C77641ED70 /* ViewModels */,
				26D6AC0A13638A5FA93F14ED /* Views */,
				B4AF048FC6B61137512CED93 /* Products */,
			);
			sourceTree = "<group>";
		};
		E23FE3B77F6F7772976BEE0A /* Models */ = {
			isa = PBXGroup;
			children = (
				72305A678DEF1D5E247BFC8C /* AppSettings.swift */,
				815338FAF7D3A98423D0E86C /* ClipboardItem.swift */,
			);
			path = Models;
			sourceTree = "<group>";
		};
		E775804D094583F39B580951 /* Services */ = {
			isa = PBXGroup;
			children = (
				668DB323E10EDCA899DDC163 /* AppFocusService.swift */,
				5FAC45A87AF3BC309EC56D4D /* ClipboardMonitor.swift */,
				233F1A964D2D27AA2DB09B1B /* ClipboardRepository.swift */,
				B2D6D6D9544D32BB060E3211 /* HotKeyService.swift */,
				E8F4194F31C555F3F3166BDA /* OCRService.swift */,
				A4235CBBB175E9BB87DE8791 /* UpdateService.swift */,
			);
			path = Services;
			sourceTree = "<group>";
		};
/* End PBXGroup section */

/* Begin PBXNativeTarget section */
		50D470CA4CB35DA4FA65DADE /* MacClipboardTests */ = {
			isa = PBXNativeTarget;
			buildConfigurationList = AE518433D2C4E56238B8BA61 /* Build configuration list for PBXNativeTarget "MacClipboardTests" */;
			buildPhases = (
				590AAAB6007B3B2F98F4B913 /* Sources */,
			);
			buildRules = (
			);
			dependencies = (
				B142BEAB5C89DB15133A2F0D /* PBXTargetDependency */,
			);
			name = MacClipboardTests;
			packageProductDependencies = (
			);
			productName = MacClipboardTests;
			productReference = 7C7A4B0011505130B1F0E7EA /* MacClipboardTests.xctest */;
			productType = "com.apple.product-type.bundle.unit-test";
		};
		BCAD23208739962CAFBFB000 /* MacClipboard */ = {
			isa = PBXNativeTarget;
			buildConfigurationList = 5EFC8A1C21AFA9718A27731B /* Build configuration list for PBXNativeTarget "MacClipboard" */;
			buildPhases = (
				AB7D7598B43404E313513B8D /* Sources */,
				F2C88ACA743B8BC40377D46D /* Resources */,
			);
			buildRules = (
			);
			dependencies = (
			);
			name = MacClipboard;
			packageProductDependencies = (
			);
			productName = MacClipboard;
			productReference = 7422559F8C0D95AA23979A71 /* MacClipboard.app */;
			productType = "com.apple.product-type.application";
		};
/* End PBXNativeTarget section */

/* Begin PBXProject section */
		04A0A4DC19831D1B0167487E /* Project object */ = {
			isa = PBXProject;
			attributes = {
				BuildIndependentTargetsInParallel = YES;
				LastUpgradeCheck = 1430;
			};
			buildConfigurationList = AC81F43C3A613E2E27EB9C80 /* Build configuration list for PBXProject "MacClipboard" */;
			compatibilityVersion = "Xcode 14.0";
			developmentRegion = en;
			hasScannedForEncodings = 0;
			knownRegions = (
				Base,
				en,
			);
			mainGroup = D38D07288B5CFDDEFE31A61B;
			minimizedProjectReferenceProxies = 1;
			preferredProjectObjectVersion = 77;
			projectDirPath = "";
			projectRoot = "";
			targets = (
				BCAD23208739962CAFBFB000 /* MacClipboard */,
				50D470CA4CB35DA4FA65DADE /* MacClipboardTests */,
			);
		};
/* End PBXProject section */

/* Begin PBXResourcesBuildPhase section */
		F2C88ACA743B8BC40377D46D /* Resources */ = {
			isa = PBXResourcesBuildPhase;
			buildActionMask = 2147483647;
			files = (
				267E94E7370774D745DC3C2C /* AppIcon.icns in Resources */,
			);
			runOnlyForDeploymentPostprocessing = 0;
		};
/* End PBXResourcesBuildPhase section */

/* Begin PBXSourcesBuildPhase section */
		590AAAB6007B3B2F98F4B913 /* Sources */ = {
			isa = PBXSourcesBuildPhase;
			buildActionMask = 2147483647;
			files = (
				FF4EFF5E894A57D70AE7B126 /* ClipboardListViewModelTests.swift in Sources */,
				E25C91356354DBBCF517DBF0 /* HotkeyUtilsTests.swift in Sources */,
				2A79E769A31307E7C4C22F05 /* InfoViewModelTests.swift in Sources */,
				87011F9E077DDB68590A1E5D /* TextPreviewTests.swift in Sources */,
			);
			runOnlyForDeploymentPostprocessing = 0;
		};
		AB7D7598B43404E313513B8D /* Sources */ = {
			isa = PBXSourcesBuildPhase;
			buildActionMask = 2147483647;
			files = (
				22EC2CF891DA3B0121A16B69 /* AppFocusService.swift in Sources */,
				19742895E7A968E617947BA6 /* AppIconView.swift in Sources */,
				F4C53B0274A8E0982EF17495 /* AppSettings.swift in Sources */,
				9C6C8FF40C01C790EC9D8607 /* ClipboardApp.swift in Sources */,
				C3861483D3B8E2A1F2A37297 /* ClipboardItem.swift in Sources */,
				03AC489464E5D2A5DC7208DD /* ClipboardItemRow.swift in Sources */,
				B7145E979D867746DB75E236 /* ClipboardListViewModel.swift in Sources */,
				ADA397C03763610821625BEA /* ClipboardMonitor.swift in Sources */,
				B3DAF98ABBDBE882FFEC7E39 /* ClipboardRepository.swift in Sources */,
				B6E3A6C5EE7070AABCCAC0DC /* ContentView.swift in Sources */,
				1D6DE4479371170E637893FB /* ESCKeyCatcher.swift in Sources */,
				B7D4E2B42C30142CC9A044ED /* FirstMouseHostingView.swift in Sources */,
				7D307A167F9C9108005E211D /* HotKeyService.swift in Sources */,
				E0C61B17E9A3D544890A8A61 /* HotkeyCapturingView.swift in Sources */,
				A4C23EAC12FAF4990FA8D75F /* HotkeyUtils.swift in Sources */,
				E58D3EF8DD61DCD433169CFC /* InfoView.swift in Sources */,
				112FD6A5F75656D0F61ACA8C /* InfoViewModel.swift in Sources */,
				7170F47F267388BAF4517709 /* Notifications.swift in Sources */,
				59EF8EE29A879D52B3ADE552 /* OCRService.swift in Sources */,
				831AFA2594914C88871C1FD8 /* OverlayWindow.swift in Sources */,
				B96628BCAEBB466C015D2D72 /* PasteUtility.swift in Sources */,
				7E0D43030BBB9BE895CCF2C2 /* SettingsView.swift in Sources */,
				0EFE4D34B1B4FC0A9B17E1B6 /* TextPreview.swift in Sources */,
				D350C3F63B3D0E46C6DEFEA6 /* URLUtils.swift in Sources */,
				1E6AC014FCA09D04301E79CF /* UpdateService.swift in Sources */,
			);
			runOnlyForDeploymentPostprocessing = 0;
		};
/* End PBXSourcesBuildPhase section */

/* Begin PBXTargetDependency section */
		B142BEAB5C89DB15133A2F0D /* PBXTargetDependency */ = {
			isa = PBXTargetDependency;
			target = BCAD23208739962CAFBFB000 /* MacClipboard */;
			targetProxy = 7A4D18ED04827D9E55915194 /* PBXContainerItemProxy */;
		};
/* End PBXTargetDependency section */

/* Begin XCBuildConfiguration section */
		049AE2D844FFC0703BE24D46 /* Release */ = {
			isa = XCBuildConfiguration;
			buildSettings = {
				ALWAYS_SEARCH_USER_PATHS = NO;
				CLANG_ANALYZER_NONNULL = YES;
				CLANG_ANALYZER_NUMBER_OBJECT_CONVERSION = YES_AGGRESSIVE;
				CLANG_CXX_LANGUAGE_STANDARD = "gnu++14";
				CLANG_CXX_LIBRARY = "libc++";
				CLANG_ENABLE_MODULES = YES;
				CLANG_ENABLE_OBJC_ARC = YES;
				CLANG_ENABLE_OBJC_WEAK = YES;
				CLANG_WARN_BLOCK_CAPTURE_AUTORELEASING = YES;
				CLANG_WARN_BOOL_CONVERSION = YES;
				CLANG_WARN_COMMA = YES;
				CLANG_WARN_CONSTANT_CONVERSION = YES;
				CLANG_WARN_DEPRECATED_OBJC_IMPLEMENTATIONS = YES;
				CLANG_WARN_DIRECT_OBJC_ISA_USAGE = YES_ERROR;
				CLANG_WARN_DOCUMENTATION_COMMENTS = YES;
				CLANG_WARN_EMPTY_BODY = YES;
				CLANG_WARN_ENUM_CONVERSION = YES;
				CLANG_WARN_INFINITE_RECURSION = YES;
				CLANG_WARN_INT_CONVERSION = YES;
				CLANG_WARN_NON_LITERAL_NULL_CONVERSION = YES;
				CLANG_WARN_OBJC_IMPLICIT_RETAIN_SELF = YES;
				CLANG_WARN_OBJC_LITERAL_CONVERSION = YES;
				CLANG_WARN_OBJC_ROOT_CLASS = YES_ERROR;
				CLANG_WARN_QUOTED_INCLUDE_IN_FRAMEWORK_HEADER = YES;
				CLANG_WARN_RANGE_LOOP_ANALYSIS = YES;
				CLANG_WARN_STRICT_PROTOTYPES = YES;
				CLANG_WARN_SUSPICIOUS_MOVE = YES;
				CLANG_WARN_UNGUARDED_AVAILABILITY = YES_AGGRESSIVE;
				CLANG_WARN_UNREACHABLE_CODE = YES;
				CLANG_WARN__DUPLICATE_METHOD_MATCH = YES;
				COPY_PHASE_STRIP = NO;
				DEBUG_INFORMATION_FORMAT = "dwarf-with-dsym";
				ENABLE_NS_ASSERTIONS = NO;
				ENABLE_STRICT_OBJC_MSGSEND = YES;
				GCC_C_LANGUAGE_STANDARD = gnu11;
				GCC_NO_COMMON_BLOCKS = YES;
				GCC_WARN_64_TO_32_BIT_CONVERSION = YES;
				GCC_WARN_ABOUT_RETURN_TYPE = YES_ERROR;
				GCC_WARN_UNDECLARED_SELECTOR = YES;
				GCC_WARN_UNINITIALIZED_AUTOS = YES_AGGRESSIVE;
				GCC_WARN_UNUSED_FUNCTION = YES;
				GCC_WARN_UNUSED_VARIABLE = YES;
				MACOSX_DEPLOYMENT_TARGET = 12.0;
				MTL_ENABLE_DEBUG_INFO = NO;
				MTL_FAST_MATH = YES;
				PRODUCT_NAME = "$(TARGET_NAME)";
				SDKROOT = macosx;
				SWIFT_COMPILATION_MODE = wholemodule;
				SWIFT_OPTIMIZATION_LEVEL = "-O";
				SWIFT_VERSION = 5.9;
			};
			name = Release;
		};
		2EF389C795F1E7F8078D4C83 /* Debug */ = {
			isa = XCBuildConfiguration;
			buildSettings = {
				BUNDLE_LOADER = "$(TEST_HOST)";
				COMBINE_HIDPI_IMAGES = YES;
				GENERATE_INFOPLIST_FILE = YES;
				LD_RUNPATH_SEARCH_PATHS = (
					"$(inherited)",
					"@executable_path/../Frameworks",
					"@loader_path/../Frameworks",
				);
				MACOSX_DEPLOYMENT_TARGET = 12.0;
				SDKROOT = macosx;
				TEST_HOST = "$(BUILT_PRODUCTS_DIR)/MaClip.app/Contents/MacOS/MaClip";
			};
			name = Debug;
		};
		3C64E856238E4ED13D7D106C /* Debug */ = {
			isa = XCBuildConfiguration;
			buildSettings = {
				ASSETCATALOG_COMPILER_APPICON_NAME = AppIcon;
				COMBINE_HIDPI_IMAGES = YES;
				CURRENT_PROJECT_VERSION = 5;
				DEFINES_MODULE = YES;
				INFOPLIST_FILE = App/Info.plist;
				LD_RUNPATH_SEARCH_PATHS = (
					"$(inherited)",
					"@executable_path/../Frameworks",
				);
				MACOSX_DEPLOYMENT_TARGET = 12.0;
				MARKETING_VERSION = 1.4.0;
				PRODUCT_BUNDLE_IDENTIFIER = com.jokot.MacClipboard;
				PRODUCT_NAME = MaClip;
				SDKROOT = macosx;
			};
			name = Debug;
		};
		3EAEB8B3B4A04E8442AE11FE /* Release */ = {
			isa = XCBuildConfiguration;
			buildSettings = {
				BUNDLE_LOADER = "$(TEST_HOST)";
				COMBINE_HIDPI_IMAGES = YES;
				GENERATE_INFOPLIST_FILE = YES;
				LD_RUNPATH_SEARCH_PATHS = (
					"$(inherited)",
					"@executable_path/../Frameworks",
					"@loader_path/../Frameworks",
				);
				MACOSX_DEPLOYMENT_TARGET = 12.0;
				SDKROOT = macosx;
				TEST_HOST = "$(BUILT_PRODUCTS_DIR)/MaClip.app/Contents/MacOS/MaClip";
			};
			name = Release;
		};
		E7D01869C1ADDB7159C93720 /* Release */ = {
			isa = XCBuildConfiguration;
			buildSettings = {
				ASSETCATALOG_COMPILER_APPICON_NAME = AppIcon;
				COMBINE_HIDPI_IMAGES = YES;
				CURRENT_PROJECT_VERSION = 5;
				DEFINES_MODULE = YES;
				INFOPLIST_FILE = App/Info.plist;
				LD_RUNPATH_SEARCH_PATHS = (
					"$(inherited)",
					"@executable_path/../Frameworks",
				);
				MACOSX_DEPLOYMENT_TARGET = 12.0;
				MARKETING_VERSION = 1.4.0;
				PRODUCT_BUNDLE_IDENTIFIER = com.jokot.MacClipboard;
				PRODUCT_NAME = MaClip;
				SDKROOT = macosx;
			};
			name = Release;
		};
		F539E6BE12439EE8AEAF4F6D /* Debug */ = {
			isa = XCBuildConfiguration;
			buildSettings = {
				ALWAYS_SEARCH_USER_PATHS = NO;
				CLANG_ANALYZER_NONNULL = YES;
				CLANG_ANALYZER_NUMBER_OBJECT_CONVERSION = YES_AGGRESSIVE;
				CLANG_CXX_LANGUAGE_STANDARD = "gnu++14";
				CLANG_CXX_LIBRARY = "libc++";
				CLANG_ENABLE_MODULES = YES;
				CLANG_ENABLE_OBJC_ARC = YES;
				CLANG_ENABLE_OBJC_WEAK = YES;
				CLANG_WARN_BLOCK_CAPTURE_AUTORELEASING = YES;
				CLANG_WARN_BOOL_CONVERSION = YES;
				CLANG_WARN_COMMA = YES;
				CLANG_WARN_CONSTANT_CONVERSION = YES;
				CLANG_WARN_DEPRECATED_OBJC_IMPLEMENTATIONS = YES;
				CLANG_WARN_DIRECT_OBJC_ISA_USAGE = YES_ERROR;
				CLANG_WARN_DOCUMENTATION_COMMENTS = YES;
				CLANG_WARN_EMPTY_BODY = YES;
				CLANG_WARN_ENUM_CONVERSION = YES;
				CLANG_WARN_INFINITE_RECURSION = YES;
				CLANG_WARN_INT_CONVERSION = YES;
				CLANG_WARN_NON_LITERAL_NULL_CONVERSION = YES;
				CLANG_WARN_OBJC_IMPLICIT_RETAIN_SELF = YES;
				CLANG_WARN_OBJC_LITERAL_CONVERSION = YES;
				CLANG_WARN_OBJC_ROOT_CLASS = YES_ERROR;
				CLANG_WARN_QUOTED_INCLUDE_IN_FRAMEWORK_HEADER = YES;
				CLANG_WARN_RANGE_LOOP_ANALYSIS = YES;
				CLANG_WARN_STRICT_PROTOTYPES = YES;
				CLANG_WARN_SUSPICIOUS_MOVE = YES;
				CLANG_WARN_UNGUARDED_AVAILABILITY = YES_AGGRESSIVE;
				CLANG_WARN_UNREACHABLE_CODE = YES;
				CLANG_WARN__DUPLICATE_METHOD_MATCH = YES;
				COPY_PHASE_STRIP = NO;
				DEBUG_INFORMATION_FORMAT = dwarf;
				ENABLE_STRICT_OBJC_MSGSEND = YES;
				ENABLE_TESTABILITY = YES;
				GCC_C_LANGUAGE_STANDARD = gnu11;
				GCC_DYNAMIC_NO_PIC = NO;
				GCC_NO_COMMON_BLOCKS = YES;
				GCC_OPTIMIZATION_LEVEL = 0;
				GCC_PREPROCESSOR_DEFINITIONS = (
					"$(inherited)",
					"DEBUG=1",
				);
				GCC_WARN_64_TO_32_BIT_CONVERSION = YES;
				GCC_WARN_ABOUT_RETURN_TYPE = YES_ERROR;
				GCC_WARN_UNDECLARED_SELECTOR = YES;
				GCC_WARN_UNINITIALIZED_AUTOS = YES_AGGRESSIVE;
				GCC_WARN_UNUSED_FUNCTION = YES;
				GCC_WARN_UNUSED_VARIABLE = YES;
				MACOSX_DEPLOYMENT_TARGET = 12.0;
				MTL_ENABLE_DEBUG_INFO = INCLUDE_SOURCE;
				MTL_FAST_MATH = YES;
				ONLY_ACTIVE_ARCH = YES;
				PRODUCT_NAME = "$(TARGET_NAME)";
				SDKROOT = macosx;
				SWIFT_ACTIVE_COMPILATION_CONDITIONS = DEBUG;
				SWIFT_OPTIMIZATION_LEVEL = "-Onone";
				SWIFT_VERSION = 5.9;
			};
			name = Debug;
		};
/* End XCBuildConfiguration section */

/* Begin XCConfigurationList section */
		5EFC8A1C21AFA9718A27731B /* Build configuration list for PBXNativeTarget "MacClipboard" */ = {
			isa = XCConfigurationList;
			buildConfigurations = (
				3C64E856238E4ED13D7D106C /* Debug */,
				E7D01869C1ADDB7159C93720 /* Release */,
			);
			defaultConfigurationIsVisible = 0;
			defaultConfigurationName = Debug;
		};
		AC81F43C3A613E2E27EB9C80 /* Build configuration list for PBXProject "MacClipboard" */ = {
			isa = XCConfigurationList;
			buildConfigurations = (
				F539E6BE12439EE8AEAF4F6D /* Debug */,
				049AE2D844FFC0703BE24D46 /* Release */,
			);
			defaultConfigurationIsVisible = 0;
			defaultConfigurationName = Debug;
		};
		AE518433D2C4E56238B8BA61 /* Build configuration list for PBXNativeTarget "MacClipboardTests" */ = {
			isa = XCConfigurationList;
			buildConfigurations = (
				2EF389C795F1E7F8078D4C83 /* Debug */,
				3EAEB8B3B4A04E8442AE11FE /* Release */,
			);
			defaultConfigurationIsVisible = 0;
			defaultConfigurationName = Debug;
		};
/* End XCConfigurationList section */
	};
	rootObject = 04A0A4DC19831D1B0167487E /* Project object */;
}
